
Microsoft Visual Studio Solution File, Format Version 12.00
# Visual Studio Version 17
VisualStudioVersion = 17.11.35327.3
MinimumVisualStudioVersion = 10.0.40219.1
Project("{FAE04EC0-301F-11D3-BF4B-00C04F79EFBC}") = "MauiAppTempoAgora", "MauiAppTempoAgora\MauiAppTempoAgora.csproj", "{3B2948CC-F6E3-4B41-80A2-433A57000BBE}"
EndProject
Global
	GlobalSection(SolutionConfigurationPlatforms) = preSolution
		Debug|Any CPU = Debug|Any CPU
		Release|Any CPU = Release|Any CPU
	EndGlobalSection
	GlobalSection(ProjectConfigurationPlatforms) = postSolution
		{3B2948CC-F6E3-4B41-80A2-433A57000BBE}.Debug|Any CPU.ActiveCfg = Debug|Any CPU
		{3B2948CC-F6E3-4B41-80A2-433A57000BBE}.Debug|Any CPU.Build.0 = Debug|Any CPU
		{3B2948CC-F6E3-4B41-80A2-433A57000BBE}.Debug|Any CPU.Deploy.0 = Debug|Any CPU
		{3B2948CC-F6E3-4B41-80A2-433A57000BBE}.Release|Any CPU.ActiveCfg = Release|Any CPU
		{3B2948CC-F6E3-4B41-80A2-433A57000BBE}.Release|Any CPU.Build.0 = Release|Any CPU
		{3B2948CC-F6E3-4B41-80A2-433A57000BBE}.Release|Any CPU.Deploy.0 = Release|Any CPU
	EndGlobalSection
	GlobalSection(SolutionProperties) = preSolution
		HideSolutionNode = FALSE
	EndGlobalSection
	GlobalSection(ExtensibilityGlobals) = postSolution
		SolutionGuid = {6A71B105-965A-4B6D-9B15-B238EA90C97A}
	EndGlobalSection
EndGlobal
